{
  "name": "0-my-app",
  "version": "1.0.0",
  "lockfileVersion": 2,
  "requires": true,
  "packages": {
    "": {
      "name": "0-my-app",
      "version": "1.0.0",
      "license": "ISC",
      "dependencies": {
        "@viniciusaportela/fluentsql": "^2.0.0"
      }
    },
    "node_modules/@viniciusaportela/fluentsql": {
      "version": "2.0.0",
      "resolved": "https://registry.npmjs.org/@viniciusaportela/fluentsql/-/fluentsql-2.0.0.tgz",
      "integrity": "sha512-bwxqLMNoWHLXMzX/OJfX3GM1oKwacIuVfa2sw6yQPoV7g85hrRUWhXjWcO4LI7EVitH/7M+FR66i862fEVAjQw=="
    }
  },
  "dependencies": {
    "@viniciusaportela/fluentsql": {
      "version": "2.0.0",
      "resolved": "https://registry.npmjs.org/@viniciusaportela/fluentsql/-/fluentsql-2.0.0.tgz",
      "integrity": "sha512-bwxqLMNoWHLXMzX/OJfX3GM1oKwacIuVfa2sw6yQPoV7g85hrRUWhXjWcO4LI7EVitH/7M+FR66i862fEVAjQw=="
    }
  }
}
